// !$*UTF8*$!
{
	archiveVersion = 1;
	classes = {
	};
	objectVersion = 46;
	objects = {

/* Begin PBXBuildFile section */
		75F170A61A0247F659980BBC /* libPods.a in Frameworks */ = {isa = PBXBuildFile; fileRef = 9218DDA4C57C8E918F70C9CD /* libPods.a */; };
		DC15A1EE198436FA007FA1AC /* MineService.m in Sources */ = {isa = PBXBuildFile; fileRef = DC15A1ED198436FA007FA1AC /* MineService.m */; };
		DC15A1F119844465007FA1AC /* MineLoginService.m in Sources */ = {isa = PBXBuildFile; fileRef = DC15A1F019844465007FA1AC /* MineLoginService.m */; };
		DC15A1F519844A9C007FA1AC /* MineConstant.m in Sources */ = {isa = PBXBuildFile; fileRef = DC15A1F419844A9C007FA1AC /* MineConstant.m */; };
		DC15A1F919844DF2007FA1AC /* MineMainViewController.m in Sources */ = {isa = PBXBuildFile; fileRef = DC15A1F719844DF2007FA1AC /* MineMainViewController.m */; };
		DC15A1FA19844DF2007FA1AC /* MineMainViewController.xib in Resources */ = {isa = PBXBuildFile; fileRef = DC15A1F819844DF2007FA1AC /* MineMainViewController.xib */; };
		DC15A1FD19855697007FA1AC /* MineAlertViewUtil.m in Sources */ = {isa = PBXBuildFile; fileRef = DC15A1FC19855697007FA1AC /* MineAlertViewUtil.m */; };
		DC15A201198584FE007FA1AC /* MineUserInfo.m in Sources */ = {isa = PBXBuildFile; fileRef = DC15A200198584FE007FA1AC /* MineUserInfo.m */; };
		DC15A20419858732007FA1AC /* MinePreferenceService.m in Sources */ = {isa = PBXBuildFile; fileRef = DC15A20319858732007FA1AC /* MinePreferenceService.m */; };
		DC15A2081985C2D5007FA1AC /* MineSignUpViewController.m in Sources */ = {isa = PBXBuildFile; fileRef = DC15A2061985C2D5007FA1AC /* MineSignUpViewController.m */; };
		DC15A2091985C2D5007FA1AC /* MineSignUpViewController.xib in Resources */ = {isa = PBXBuildFile; fileRef = DC15A2071985C2D5007FA1AC /* MineSignUpViewController.xib */; };
		DC15A20C1985CC86007FA1AC /* MineSignUpService.m in Sources */ = {isa = PBXBuildFile; fileRef = DC15A20B1985CC86007FA1AC /* MineSignUpService.m */; };
		DC15A2101985D990007FA1AC /* UIView+FindFirstResponder.m in Sources */ = {isa = PBXBuildFile; fileRef = DC15A20F1985D990007FA1AC /* UIView+FindFirstResponder.m */; };
		DC15A21A1985EFAC007FA1AC /* MineCreateTransactionItemsViewController.xib in Resources */ = {isa = PBXBuildFile; fileRef = DC15A2181985EFAC007FA1AC /* MineCreateTransactionItemsViewController.xib */; };
		DC15A21D1985F7FC007FA1AC /* MineTransactionInfo.m in Sources */ = {isa = PBXBuildFile; fileRef = DC15A21C1985F7FC007FA1AC /* MineTransactionInfo.m */; };
		DC15A2201985F8BC007FA1AC /* MineTransactionItem.m in Sources */ = {isa = PBXBuildFile; fileRef = DC15A21F1985F8BC007FA1AC /* MineTransactionItem.m */; };
		DC15A225198601A5007FA1AC /* MineTransactionItemCellTableViewCell.m in Sources */ = {isa = PBXBuildFile; fileRef = DC15A223198601A5007FA1AC /* MineTransactionItemCellTableViewCell.m */; };
		DC15A226198601A5007FA1AC /* MineTransactionItemCellTableViewCell.xib in Resources */ = {isa = PBXBuildFile; fileRef = DC15A224198601A5007FA1AC /* MineTransactionItemCellTableViewCell.xib */; };
		DC15A229198755AF007FA1AC /* UITableView+Mine.m in Sources */ = {isa = PBXBuildFile; fileRef = DC15A228198755AF007FA1AC /* UITableView+Mine.m */; };
		DC15A22D1987D236007FA1AC /* MineCreateTransactionLocationViewController.m in Sources */ = {isa = PBXBuildFile; fileRef = DC15A22B1987D236007FA1AC /* MineCreateTransactionLocationViewController.m */; };
		DC15A22E1987D236007FA1AC /* MineCreateTransactionLocationViewController.xib in Resources */ = {isa = PBXBuildFile; fileRef = DC15A22C1987D236007FA1AC /* MineCreateTransactionLocationViewController.xib */; };
		DC15A2301987D408007FA1AC /* MapKit.framework in Frameworks */ = {isa = PBXBuildFile; fileRef = DC15A22F1987D408007FA1AC /* MapKit.framework */; };
		DC15A2331988BB33007FA1AC /* MKMapView+Mine.m in Sources */ = {isa = PBXBuildFile; fileRef = DC15A2321988BB33007FA1AC /* MKMapView+Mine.m */; };
		DC50980419E1AFFC00EBD4DE /* MineTimeUtil.m in Sources */ = {isa = PBXBuildFile; fileRef = DC50980319E1AFFC00EBD4DE /* MineTimeUtil.m */; };
		DC50980719E1B4FB00EBD4DE /* MineGetAllTransactionsService.m in Sources */ = {isa = PBXBuildFile; fileRef = DC50980619E1B4FB00EBD4DE /* MineGetAllTransactionsService.m */; };
		DC50980919E1D88800EBD4DE /* wallet_512x512.jpeg in Resources */ = {isa = PBXBuildFile; fileRef = DC50980819E1D88800EBD4DE /* wallet_512x512.jpeg */; };
		DC50980C19E1E16500EBD4DE /* UIPopoverController+iPhone.m in Sources */ = {isa = PBXBuildFile; fileRef = DC50980B19E1E16500EBD4DE /* UIPopoverController+iPhone.m */; };
		DC50980F19E21F0C00EBD4DE /* MineColorUtil.m in Sources */ = {isa = PBXBuildFile; fileRef = DC50980E19E21F0C00EBD4DE /* MineColorUtil.m */; };
		DC50981219E224A600EBD4DE /* MineAddTransactionService.m in Sources */ = {isa = PBXBuildFile; fileRef = DC50981119E224A600EBD4DE /* MineAddTransactionService.m */; };
		DC50981519E2280C00EBD4DE /* MineViewUtil.m in Sources */ = {isa = PBXBuildFile; fileRef = DC50981419E2280C00EBD4DE /* MineViewUtil.m */; };
		DC99468A19E6CA1000559AA8 /* MineServiceManager.m in Sources */ = {isa = PBXBuildFile; fileRef = DC99468919E6CA1000559AA8 /* MineServiceManager.m */; };
		DC99468D19EB78B900559AA8 /* MineDeleteTransactionService.m in Sources */ = {isa = PBXBuildFile; fileRef = DC99468C19EB78B900559AA8 /* MineDeleteTransactionService.m */; };
		DCAC0FA419DE52AE000B65FA /* MoneyBag_100x100.png in Resources */ = {isa = PBXBuildFile; fileRef = DCAC0FA019DE52AE000B65FA /* MoneyBag_100x100.png */; };
		DCAC0FA519DE52AE000B65FA /* Dolls_100x100.png in Resources */ = {isa = PBXBuildFile; fileRef = DCAC0FA119DE52AE000B65FA /* Dolls_100x100.png */; };
		DCAC0FA619DE52AE000B65FA /* Clock_100x100.png in Resources */ = {isa = PBXBuildFile; fileRef = DCAC0FA219DE52AE000B65FA /* Clock_100x100.png */; };
		DCAC0FA719DE52AE000B65FA /* Camera_100x100.png in Resources */ = {isa = PBXBuildFile; fileRef = DCAC0FA319DE52AE000B65FA /* Camera_100x100.png */; };
		DCCFB86C19DE588D004FB14A /* MoneyBag_76x76.png in Resources */ = {isa = PBXBuildFile; fileRef = DCCFB86819DE588D004FB14A /* MoneyBag_76x76.png */; };
		DCCFB86D19DE588D004FB14A /* Dolls_76x76.png in Resources */ = {isa = PBXBuildFile; fileRef = DCCFB86919DE588D004FB14A /* Dolls_76x76.png */; };
		DCCFB86E19DE588D004FB14A /* Clock_76x76.png in Resources */ = {isa = PBXBuildFile; fileRef = DCCFB86A19DE588D004FB14A /* Clock_76x76.png */; };
		DCCFB86F19DE588D004FB14A /* Camera_76x76.png in Resources */ = {isa = PBXBuildFile; fileRef = DCCFB86B19DE588D004FB14A /* Camera_76x76.png */; };
		DCCFB87419DE5974004FB14A /* MoneyBag_48x48.png in Resources */ = {isa = PBXBuildFile; fileRef = DCCFB87019DE5974004FB14A /* MoneyBag_48x48.png */; };
		DCCFB87519DE5974004FB14A /* Dolls_48x48.png in Resources */ = {isa = PBXBuildFile; fileRef = DCCFB87119DE5974004FB14A /* Dolls_48x48.png */; };
		DCCFB87619DE5974004FB14A /* Clock_48x48.png in Resources */ = {isa = PBXBuildFile; fileRef = DCCFB87219DE5974004FB14A /* Clock_48x48.png */; };
		DCCFB87719DE5974004FB14A /* Camera_48x48.png in Resources */ = {isa = PBXBuildFile; fileRef = DCCFB87319DE5974004FB14A /* Camera_48x48.png */; };
		DCCFB87919DE62B9004FB14A /* Options_48x48.png in Resources */ = {isa = PBXBuildFile; fileRef = DCCFB87819DE62B9004FB14A /* Options_48x48.png */; };
		DCCFB87B19DE632D004FB14A /* Options_76x76.png in Resources */ = {isa = PBXBuildFile; fileRef = DCCFB87A19DE632D004FB14A /* Options_76x76.png */; };
		DCCFB87D19DE6365004FB14A /* Options_100x100.png in Resources */ = {isa = PBXBuildFile; fileRef = DCCFB87C19DE6365004FB14A /* Options_100x100.png */; };
		DCCFB88119DECE66004FB14A /* MineNewTransactionViewController.m in Sources */ = {isa = PBXBuildFile; fileRef = DCCFB87F19DECE66004FB14A /* MineNewTransactionViewController.m */; };
		DCCFB88219DECE66004FB14A /* MineNewTransactionViewController.xib in Resources */ = {isa = PBXBuildFile; fileRef = DCCFB88019DECE66004FB14A /* MineNewTransactionViewController.xib */; };
		DCCFB88519DECEFB004FB14A /* Accept_48x48.png in Resources */ = {isa = PBXBuildFile; fileRef = DCCFB88319DECEFB004FB14A /* Accept_48x48.png */; };
		DCCFB88619DECEFB004FB14A /* Cancel_48x48.png in Resources */ = {isa = PBXBuildFile; fileRef = DCCFB88419DECEFB004FB14A /* Cancel_48x48.png */; };
		DCCFB88D19E0251A004FB14A /* MineTransactionHistoryViewController.m in Sources */ = {isa = PBXBuildFile; fileRef = DCCFB88B19E0251A004FB14A /* MineTransactionHistoryViewController.m */; };
		DCCFB88E19E0251A004FB14A /* MineTransactionHistoryViewController.xib in Resources */ = {isa = PBXBuildFile; fileRef = DCCFB88C19E0251A004FB14A /* MineTransactionHistoryViewController.xib */; };
		DCCFB89719E0282A004FB14A /* MineTransactionHistoryTableViewCell.m in Sources */ = {isa = PBXBuildFile; fileRef = DCCFB89519E0282A004FB14A /* MineTransactionHistoryTableViewCell.m */; };
		DCCFB89819E0282A004FB14A /* MineTransactionHistoryTableViewCell.xib in Resources */ = {isa = PBXBuildFile; fileRef = DCCFB89619E0282A004FB14A /* MineTransactionHistoryTableViewCell.xib */; };
		DCCFB89B19E02A9C004FB14A /* Add_100x100.png in Resources */ = {isa = PBXBuildFile; fileRef = DCCFB89919E02A9C004FB14A /* Add_100x100.png */; };
		DCCFB89C19E02A9C004FB14A /* Remove_100x100.png in Resources */ = {isa = PBXBuildFile; fileRef = DCCFB89A19E02A9C004FB14A /* Remove_100x100.png */; };
		DCDF69AA1982831E0066FDCC /* Foundation.framework in Frameworks */ = {isa = PBXBuildFile; fileRef = DCDF69A91982831E0066FDCC /* Foundation.framework */; };
		DCDF69AC1982831E0066FDCC /* CoreGraphics.framework in Frameworks */ = {isa = PBXBuildFile; fileRef = DCDF69AB1982831E0066FDCC /* CoreGraphics.framework */; };
		DCDF69AE1982831E0066FDCC /* UIKit.framework in Frameworks */ = {isa = PBXBuildFile; fileRef = DCDF69AD1982831E0066FDCC /* UIKit.framework */; };
		DCDF69B41982831E0066FDCC /* InfoPlist.strings in Resources */ = {isa = PBXBuildFile; fileRef = DCDF69B21982831E0066FDCC /* InfoPlist.strings */; };
		DCDF69B61982831E0066FDCC /* main.m in Sources */ = {isa = PBXBuildFile; fileRef = DCDF69B51982831E0066FDCC /* main.m */; };
		DCDF69BA1982831E0066FDCC /* MineAppDelegate.m in Sources */ = {isa = PBXBuildFile; fileRef = DCDF69B91982831E0066FDCC /* MineAppDelegate.m */; };
		DCDF69C21982831E0066FDCC /* Images.xcassets in Resources */ = {isa = PBXBuildFile; fileRef = DCDF69C11982831E0066FDCC /* Images.xcassets */; };
		DCDF69C91982831E0066FDCC /* XCTest.framework in Frameworks */ = {isa = PBXBuildFile; fileRef = DCDF69C81982831E0066FDCC /* XCTest.framework */; };
		DCDF69CA1982831E0066FDCC /* Foundation.framework in Frameworks */ = {isa = PBXBuildFile; fileRef = DCDF69A91982831E0066FDCC /* Foundation.framework */; };
		DCDF69CB1982831E0066FDCC /* UIKit.framework in Frameworks */ = {isa = PBXBuildFile; fileRef = DCDF69AD1982831E0066FDCC /* UIKit.framework */; };
		DCDF69D31982831E0066FDCC /* InfoPlist.strings in Resources */ = {isa = PBXBuildFile; fileRef = DCDF69D11982831E0066FDCC /* InfoPlist.strings */; };
		DCDF69D51982831E0066FDCC /* MineTests.m in Sources */ = {isa = PBXBuildFile; fileRef = DCDF69D41982831E0066FDCC /* MineTests.m */; };
		DCDF69E41982873F0066FDCC /* MineLoginViewController.m in Sources */ = {isa = PBXBuildFile; fileRef = DCDF69E21982873F0066FDCC /* MineLoginViewController.m */; };
		DCDF69E51982873F0066FDCC /* MineLoginViewController.xib in Resources */ = {isa = PBXBuildFile; fileRef = DCDF69E31982873F0066FDCC /* MineLoginViewController.xib */; };
		DCE2403F19E4FE25009DB1E4 /* MinePersistDataUtil.m in Sources */ = {isa = PBXBuildFile; fileRef = DCE2403E19E4FE25009DB1E4 /* MinePersistDataUtil.m */; };
/* End PBXBuildFile section */

/* Begin PBXContainerItemProxy section */
		DCDF69CC1982831E0066FDCC /* PBXContainerItemProxy */ = {
			isa = PBXContainerItemProxy;
			containerPortal = DCDF699E1982831E0066FDCC /* Project object */;
			proxyType = 1;
			remoteGlobalIDString = DCDF69A51982831E0066FDCC;
			remoteInfo = Mine;
		};
/* End PBXContainerItemProxy section */

/* Begin PBXFileReference section */
		08F266DC3FFAFAECE12FA8FA /* Pods.release.xcconfig */ = {isa = PBXFileReference; includeInIndex = 1; lastKnownFileType = text.xcconfig; name = Pods.release.xcconfig; path = "Pods/Target Support Files/Pods/Pods.release.xcconfig"; sourceTree = "<group>"; };
		9218DDA4C57C8E918F70C9CD /* libPods.a */ = {isa = PBXFileReference; explicitFileType = archive.ar; includeInIndex = 0; path = libPods.a; sourceTree = BUILT_PRODUCTS_DIR; };
		D08BF8DE36E3F327940A9872 /* Pods.debug.xcconfig */ = {isa = PBXFileReference; includeInIndex = 1; lastKnownFileType = text.xcconfig; name = Pods.debug.xcconfig; path = "Pods/Target Support Files/Pods/Pods.debug.xcconfig"; sourceTree = "<group>"; };
		DC15A1EC198436FA007FA1AC /* MineService.h */ = {isa = PBXFileReference; fileEncoding = 4; lastKnownFileType = sourcecode.c.h; path = MineService.h; sourceTree = "<group>"; };
		DC15A1ED198436FA007FA1AC /* MineService.m */ = {isa = PBXFileReference; fileEncoding = 4; lastKnownFileType = sourcecode.c.objc; path = MineService.m; sourceTree = "<group>"; };
		DC15A1EF19844465007FA1AC /* MineLoginService.h */ = {isa = PBXFileReference; fileEncoding = 4; lastKnownFileType = sourcecode.c.h; path = MineLoginService.h; sourceTree = "<group>"; };
		DC15A1F019844465007FA1AC /* MineLoginService.m */ = {isa = PBXFileReference; fileEncoding = 4; lastKnownFileType = sourcecode.c.objc; path = MineLoginService.m; sourceTree = "<group>"; };
		DC15A1F319844A9C007FA1AC /* MineConstant.h */ = {isa = PBXFileReference; fileEncoding = 4; lastKnownFileType = sourcecode.c.h; path = MineConstant.h; sourceTree = "<group>"; };
		DC15A1F419844A9C007FA1AC /* MineConstant.m */ = {isa = PBXFileReference; fileEncoding = 4; lastKnownFileType = sourcecode.c.objc; path = MineConstant.m; sourceTree = "<group>"; };
		DC15A1F619844DF2007FA1AC /* MineMainViewController.h */ = {isa = PBXFileReference; fileEncoding = 4; lastKnownFileType = sourcecode.c.h; path = MineMainViewController.h; sourceTree = "<group>"; };
		DC15A1F719844DF2007FA1AC /* MineMainViewController.m */ = {isa = PBXFileReference; fileEncoding = 4; lastKnownFileType = sourcecode.c.objc; path = MineMainViewController.m; sourceTree = "<group>"; };
		DC15A1F819844DF2007FA1AC /* MineMainViewController.xib */ = {isa = PBXFileReference; fileEncoding = 4; lastKnownFileType = file.xib; path = MineMainViewController.xib; sourceTree = "<group>"; };
		DC15A1FB19855697007FA1AC /* MineAlertViewUtil.h */ = {isa = PBXFileReference; fileEncoding = 4; lastKnownFileType = sourcecode.c.h; path = MineAlertViewUtil.h; sourceTree = "<group>"; };
		DC15A1FC19855697007FA1AC /* MineAlertViewUtil.m */ = {isa = PBXFileReference; fileEncoding = 4; lastKnownFileType = sourcecode.c.objc; path = MineAlertViewUtil.m; sourceTree = "<group>"; };
		DC15A1FF198584FE007FA1AC /* MineUserInfo.h */ = {isa = PBXFileReference; fileEncoding = 4; lastKnownFileType = sourcecode.c.h; path = MineUserInfo.h; sourceTree = "<group>"; };
		DC15A200198584FE007FA1AC /* MineUserInfo.m */ = {isa = PBXFileReference; fileEncoding = 4; lastKnownFileType = sourcecode.c.objc; path = MineUserInfo.m; sourceTree = "<group>"; };
		DC15A20219858732007FA1AC /* MinePreferenceService.h */ = {isa = PBXFileReference; fileEncoding = 4; lastKnownFileType = sourcecode.c.h; path = MinePreferenceService.h; sourceTree = "<group>"; };
		DC15A20319858732007FA1AC /* MinePreferenceService.m */ = {isa = PBXFileReference; fileEncoding = 4; lastKnownFileType = sourcecode.c.objc; path = MinePreferenceService.m; sourceTree = "<group>"; };
		DC15A2051985C2D5007FA1AC /* MineSignUpViewController.h */ = {isa = PBXFileReference; fileEncoding = 4; lastKnownFileType = sourcecode.c.h; path = MineSignUpViewController.h; sourceTree = "<group>"; };
		DC15A2061985C2D5007FA1AC /* MineSignUpViewController.m */ = {isa = PBXFileReference; fileEncoding = 4; lastKnownFileType = sourcecode.c.objc; path = MineSignUpViewController.m; sourceTree = "<group>"; };
		DC15A2071985C2D5007FA1AC /* MineSignUpViewController.xib */ = {isa = PBXFileReference; fileEncoding = 4; lastKnownFileType = file.xib; path = MineSignUpViewController.xib; sourceTree = "<group>"; };
		DC15A20A1985CC86007FA1AC /* MineSignUpService.h */ = {isa = PBXFileReference; fileEncoding = 4; lastKnownFileType = sourcecode.c.h; path = MineSignUpService.h; sourceTree = "<group>"; };
		DC15A20B1985CC86007FA1AC /* MineSignUpService.m */ = {isa = PBXFileReference; fileEncoding = 4; lastKnownFileType = sourcecode.c.objc; path = MineSignUpService.m; sourceTree = "<group>"; };
		DC15A20E1985D990007FA1AC /* UIView+FindFirstResponder.h */ = {isa = PBXFileReference; fileEncoding = 4; lastKnownFileType = sourcecode.c.h; path = "UIView+FindFirstResponder.h"; sourceTree = "<group>"; };
		DC15A20F1985D990007FA1AC /* UIView+FindFirstResponder.m */ = {isa = PBXFileReference; fileEncoding = 4; lastKnownFileType = sourcecode.c.objc; path = "UIView+FindFirstResponder.m"; sourceTree = "<group>"; };
		DC15A2161985EFAC007FA1AC /* MineCreateTransactionItemsViewController.h */ = {isa = PBXFileReference; fileEncoding = 4; lastKnownFileType = sourcecode.c.h; path = MineCreateTransactionItemsViewController.h; sourceTree = "<group>"; };
		DC15A2171985EFAC007FA1AC /* MineCreateTransactionItemsViewController.m */ = {isa = PBXFileReference; fileEncoding = 4; lastKnownFileType = sourcecode.c.objc; path = MineCreateTransactionItemsViewController.m; sourceTree = "<group>"; };
		DC15A2181985EFAC007FA1AC /* MineCreateTransactionItemsViewController.xib */ = {isa = PBXFileReference; fileEncoding = 4; lastKnownFileType = file.xib; path = MineCreateTransactionItemsViewController.xib; sourceTree = "<group>"; };
		DC15A21B1985F7FC007FA1AC /* MineTransactionInfo.h */ = {isa = PBXFileReference; fileEncoding = 4; lastKnownFileType = sourcecode.c.h; path = MineTransactionInfo.h; sourceTree = "<group>"; };
		DC15A21C1985F7FC007FA1AC /* MineTransactionInfo.m */ = {isa = PBXFileReference; fileEncoding = 4; lastKnownFileType = sourcecode.c.objc; path = MineTransactionInfo.m; sourceTree = "<group>"; };
		DC15A21E1985F8BC007FA1AC /* MineTransactionItem.h */ = {isa = PBXFileReference; fileEncoding = 4; lastKnownFileType = sourcecode.c.h; path = MineTransactionItem.h; sourceTree = "<group>"; };
		DC15A21F1985F8BC007FA1AC /* MineTransactionItem.m */ = {isa = PBXFileReference; fileEncoding = 4; lastKnownFileType = sourcecode.c.objc; path = MineTransactionItem.m; sourceTree = "<group>"; };
		DC15A222198601A5007FA1AC /* MineTransactionItemCellTableViewCell.h */ = {isa = PBXFileReference; fileEncoding = 4; lastKnownFileType = sourcecode.c.h; path = MineTransactionItemCellTableViewCell.h; sourceTree = "<group>"; };
		DC15A223198601A5007FA1AC /* MineTransactionItemCellTableViewCell.m */ = {isa = PBXFileReference; fileEncoding = 4; lastKnownFileType = sourcecode.c.objc; path = MineTransactionItemCellTableViewCell.m; sourceTree = "<group>"; };
		DC15A224198601A5007FA1AC /* MineTransactionItemCellTableViewCell.xib */ = {isa = PBXFileReference; fileEncoding = 4; lastKnownFileType = file.xib; path = MineTransactionItemCellTableViewCell.xib; sourceTree = "<group>"; };
		DC15A227198755AF007FA1AC /* UITableView+Mine.h */ = {isa = PBXFileReference; fileEncoding = 4; lastKnownFileType = sourcecode.c.h; path = "UITableView+Mine.h"; sourceTree = "<group>"; };
		DC15A228198755AF007FA1AC /* UITableView+Mine.m */ = {isa = PBXFileReference; fileEncoding = 4; lastKnownFileType = sourcecode.c.objc; path = "UITableView+Mine.m"; sourceTree = "<group>"; };
		DC15A22A1987D236007FA1AC /* MineCreateTransactionLocationViewController.h */ = {isa = PBXFileReference; fileEncoding = 4; lastKnownFileType = sourcecode.c.h; path = MineCreateTransactionLocationViewController.h; sourceTree = "<group>"; };
		DC15A22B1987D236007FA1AC /* MineCreateTransactionLocationViewController.m */ = {isa = PBXFileReference; fileEncoding = 4; lastKnownFileType = sourcecode.c.objc; path = MineCreateTransactionLocationViewController.m; sourceTree = "<group>"; };
		DC15A22C1987D236007FA1AC /* MineCreateTransactionLocationViewController.xib */ = {isa = PBXFileReference; fileEncoding = 4; lastKnownFileType = file.xib; path = MineCreateTransactionLocationViewController.xib; sourceTree = "<group>"; };
		DC15A22F1987D408007FA1AC /* MapKit.framework */ = {isa = PBXFileReference; lastKnownFileType = wrapper.framework; name = MapKit.framework; path = System/Library/Frameworks/MapKit.framework; sourceTree = SDKROOT; };
		DC15A2311988BB33007FA1AC /* MKMapView+Mine.h */ = {isa = PBXFileReference; fileEncoding = 4; lastKnownFileType = sourcecode.c.h; path = "MKMapView+Mine.h"; sourceTree = "<group>"; };
		DC15A2321988BB33007FA1AC /* MKMapView+Mine.m */ = {isa = PBXFileReference; fileEncoding = 4; lastKnownFileType = sourcecode.c.objc; path = "MKMapView+Mine.m"; sourceTree = "<group>"; };
		DC15A234198B38BC007FA1AC /* MineCenterViewProtocal.h */ = {isa = PBXFileReference; fileEncoding = 4; lastKnownFileType = sourcecode.c.h; path = MineCenterViewProtocal.h; sourceTree = "<group>"; };
		DC15A236198B3907007FA1AC /* MineSideViewProtocal.h */ = {isa = PBXFileReference; fileEncoding = 4; lastKnownFileType = sourcecode.c.h; path = MineSideViewProtocal.h; sourceTree = "<group>"; };
		DC50980219E1AFFC00EBD4DE /* MineTimeUtil.h */ = {isa = PBXFileReference; fileEncoding = 4; lastKnownFileType = sourcecode.c.h; path = MineTimeUtil.h; sourceTree = "<group>"; };
		DC50980319E1AFFC00EBD4DE /* MineTimeUtil.m */ = {isa = PBXFileReference; fileEncoding = 4; lastKnownFileType = sourcecode.c.objc; path = MineTimeUtil.m; sourceTree = "<group>"; };
		DC50980519E1B4FB00EBD4DE /* MineGetAllTransactionsService.h */ = {isa = PBXFileReference; fileEncoding = 4; lastKnownFileType = sourcecode.c.h; path = MineGetAllTransactionsService.h; sourceTree = "<group>"; };
		DC50980619E1B4FB00EBD4DE /* MineGetAllTransactionsService.m */ = {isa = PBXFileReference; fileEncoding = 4; lastKnownFileType = sourcecode.c.objc; path = MineGetAllTransactionsService.m; sourceTree = "<group>"; };
		DC50980819E1D88800EBD4DE /* wallet_512x512.jpeg */ = {isa = PBXFileReference; lastKnownFileType = image.jpeg; path = wallet_512x512.jpeg; sourceTree = "<group>"; };
		DC50980A19E1E16500EBD4DE /* UIPopoverController+iPhone.h */ = {isa = PBXFileReference; fileEncoding = 4; lastKnownFileType = sourcecode.c.h; path = "UIPopoverController+iPhone.h"; sourceTree = "<group>"; };
		DC50980B19E1E16500EBD4DE /* UIPopoverController+iPhone.m */ = {isa = PBXFileReference; fileEncoding = 4; lastKnownFileType = sourcecode.c.objc; path = "UIPopoverController+iPhone.m"; sourceTree = "<group>"; };
		DC50980D19E21F0C00EBD4DE /* MineColorUtil.h */ = {isa = PBXFileReference; fileEncoding = 4; lastKnownFileType = sourcecode.c.h; path = MineColorUtil.h; sourceTree = "<group>"; };
		DC50980E19E21F0C00EBD4DE /* MineColorUtil.m */ = {isa = PBXFileReference; fileEncoding = 4; lastKnownFileType = sourcecode.c.objc; path = MineColorUtil.m; sourceTree = "<group>"; };
		DC50981019E224A600EBD4DE /* MineAddTransactionService.h */ = {isa = PBXFileReference; fileEncoding = 4; lastKnownFileType = sourcecode.c.h; path = MineAddTransactionService.h; sourceTree = "<group>"; };
		DC50981119E224A600EBD4DE /* MineAddTransactionService.m */ = {isa = PBXFileReference; fileEncoding = 4; lastKnownFileType = sourcecode.c.objc; path = MineAddTransactionService.m; sourceTree = "<group>"; };
		DC50981319E2280C00EBD4DE /* MineViewUtil.h */ = {isa = PBXFileReference; fileEncoding = 4; lastKnownFileType = sourcecode.c.h; path = MineViewUtil.h; sourceTree = "<group>"; };
		DC50981419E2280C00EBD4DE /* MineViewUtil.m */ = {isa = PBXFileReference; fileEncoding = 4; lastKnownFileType = sourcecode.c.objc; path = MineViewUtil.m; sourceTree = "<group>"; };
		DC99468819E6CA1000559AA8 /* MineServiceManager.h */ = {isa = PBXFileReference; fileEncoding = 4; lastKnownFileType = sourcecode.c.h; path = MineServiceManager.h; sourceTree = "<group>"; };
		DC99468919E6CA1000559AA8 /* MineServiceManager.m */ = {isa = PBXFileReference; fileEncoding = 4; lastKnownFileType = sourcecode.c.objc; path = MineServiceManager.m; sourceTree = "<group>"; };
		DC99468B19EB78B900559AA8 /* MineDeleteTransactionService.h */ = {isa = PBXFileReference; fileEncoding = 4; lastKnownFileType = sourcecode.c.h; path = MineDeleteTransactionService.h; sourceTree = "<group>"; };
		DC99468C19EB78B900559AA8 /* MineDeleteTransactionService.m */ = {isa = PBXFileReference; fileEncoding = 4; lastKnownFileType = sourcecode.c.objc; path = MineDeleteTransactionService.m; sourceTree = "<group>"; };
		DCAC0FA019DE52AE000B65FA /* MoneyBag_100x100.png */ = {isa = PBXFileReference; lastKnownFileType = image.png; path = MoneyBag_100x100.png; sourceTree = "<group>"; };
		DCAC0FA119DE52AE000B65FA /* Dolls_100x100.png */ = {isa = PBXFileReference; lastKnownFileType = image.png; path = Dolls_100x100.png; sourceTree = "<group>"; };
		DCAC0FA219DE52AE000B65FA /* Clock_100x100.png */ = {isa = PBXFileReference; lastKnownFileType = image.png; path = Clock_100x100.png; sourceTree = "<group>"; };
		DCAC0FA319DE52AE000B65FA /* Camera_100x100.png */ = {isa = PBXFileReference; lastKnownFileType = image.png; path = Camera_100x100.png; sourceTree = "<group>"; };
		DCCFB86819DE588D004FB14A /* MoneyBag_76x76.png */ = {isa = PBXFileReference; lastKnownFileType = image.png; path = MoneyBag_76x76.png; sourceTree = "<group>"; };
		DCCFB86919DE588D004FB14A /* Dolls_76x76.png */ = {isa = PBXFileReference; lastKnownFileType = image.png; path = Dolls_76x76.png; sourceTree = "<group>"; };
		DCCFB86A19DE588D004FB14A /* Clock_76x76.png */ = {isa = PBXFileReference; lastKnownFileType = image.png; path = Clock_76x76.png; sourceTree = "<group>"; };
		DCCFB86B19DE588D004FB14A /* Camera_76x76.png */ = {isa = PBXFileReference; lastKnownFileType = image.png; path = Camera_76x76.png; sourceTree = "<group>"; };
		DCCFB87019DE5974004FB14A /* MoneyBag_48x48.png */ = {isa = PBXFileReference; lastKnownFileType = image.png; path = MoneyBag_48x48.png; sourceTree = "<group>"; };
		DCCFB87119DE5974004FB14A /* Dolls_48x48.png */ = {isa = PBXFileReference; lastKnownFileType = image.png; path = Dolls_48x48.png; sourceTree = "<group>"; };
		DCCFB87219DE5974004FB14A /* Clock_48x48.png */ = {isa = PBXFileReference; lastKnownFileType = image.png; path = Clock_48x48.png; sourceTree = "<group>"; };
		DCCFB87319DE5974004FB14A /* Camera_48x48.png */ = {isa = PBXFileReference; lastKnownFileType = image.png; path = Camera_48x48.png; sourceTree = "<group>"; };
		DCCFB87819DE62B9004FB14A /* Options_48x48.png */ = {isa = PBXFileReference; lastKnownFileType = image.png; path = Options_48x48.png; sourceTree = "<group>"; };
		DCCFB87A19DE632D004FB14A /* Options_76x76.png */ = {isa = PBXFileReference; lastKnownFileType = image.png; path = Options_76x76.png; sourceTree = "<group>"; };
		DCCFB87C19DE6365004FB14A /* Options_100x100.png */ = {isa = PBXFileReference; lastKnownFileType = image.png; path = Options_100x100.png; sourceTree = "<group>"; };
		DCCFB87E19DECE66004FB14A /* MineNewTransactionViewController.h */ = {isa = PBXFileReference; fileEncoding = 4; lastKnownFileType = sourcecode.c.h; path = MineNewTransactionViewController.h; sourceTree = "<group>"; };
		DCCFB87F19DECE66004FB14A /* MineNewTransactionViewController.m */ = {isa = PBXFileReference; fileEncoding = 4; lastKnownFileType = sourcecode.c.objc; path = MineNewTransactionViewController.m; sourceTree = "<group>"; };
		DCCFB88019DECE66004FB14A /* MineNewTransactionViewController.xib */ = {isa = PBXFileReference; fileEncoding = 4; lastKnownFileType = file.xib; path = MineNewTransactionViewController.xib; sourceTree = "<group>"; };
		DCCFB88319DECEFB004FB14A /* Accept_48x48.png */ = {isa = PBXFileReference; lastKnownFileType = image.png; path = Accept_48x48.png; sourceTree = "<group>"; };
		DCCFB88419DECEFB004FB14A /* Cancel_48x48.png */ = {isa = PBXFileReference; lastKnownFileType = image.png; path = Cancel_48x48.png; sourceTree = "<group>"; };
		DCCFB88A19E0251A004FB14A /* MineTransactionHistoryViewController.h */ = {isa = PBXFileReference; fileEncoding = 4; lastKnownFileType = sourcecode.c.h; path = MineTransactionHistoryViewController.h; sourceTree = "<group>"; };
		DCCFB88B19E0251A004FB14A /* MineTransactionHistoryViewController.m */ = {isa = PBXFileReference; fileEncoding = 4; lastKnownFileType = sourcecode.c.objc; path = MineTransactionHistoryViewController.m; sourceTree = "<group>"; };
		DCCFB88C19E0251A004FB14A /* MineTransactionHistoryViewController.xib */ = {isa = PBXFileReference; fileEncoding = 4; lastKnownFileType = file.xib; path = MineTransactionHistoryViewController.xib; sourceTree = "<group>"; };
		DCCFB89419E0282A004FB14A /* MineTransactionHistoryTableViewCell.h */ = {isa = PBXFileReference; fileEncoding = 4; lastKnownFileType = sourcecode.c.h; path = MineTransactionHistoryTableViewCell.h; sourceTree = "<group>"; };
		DCCFB89519E0282A004FB14A /* MineTransactionHistoryTableViewCell.m */ = {isa = PBXFileReference; fileEncoding = 4; lastKnownFileType = sourcecode.c.objc; path = MineTransactionHistoryTableViewCell.m; sourceTree = "<group>"; };
		DCCFB89619E0282A004FB14A /* MineTransactionHistoryTableViewCell.xib */ = {isa = PBXFileReference; fileEncoding = 4; lastKnownFileType = file.xib; path = MineTransactionHistoryTableViewCell.xib; sourceTree = "<group>"; };
		DCCFB89919E02A9C004FB14A /* Add_100x100.png */ = {isa = PBXFileReference; lastKnownFileType = image.png; path = Add_100x100.png; sourceTree = "<group>"; };
		DCCFB89A19E02A9C004FB14A /* Remove_100x100.png */ = {isa = PBXFileReference; lastKnownFileType = image.png; path = Remove_100x100.png; sourceTree = "<group>"; };
		DCDF69A61982831E0066FDCC /* Mine.app */ = {isa = PBXFileReference; explicitFileType = wrapper.application; includeInIndex = 0; path = Mine.app; sourceTree = BUILT_PRODUCTS_DIR; };
		DCDF69A91982831E0066FDCC /* Foundation.framework */ = {isa = PBXFileReference; lastKnownFileType = wrapper.framework; name = Foundation.framework; path = System/Library/Frameworks/Foundation.framework; sourceTree = SDKROOT; };
		DCDF69AB1982831E0066FDCC /* CoreGraphics.framework */ = {isa = PBXFileReference; lastKnownFileType = wrapper.framework; name = CoreGraphics.framework; path = System/Library/Frameworks/CoreGraphics.framework; sourceTree = SDKROOT; };
		DCDF69AD1982831E0066FDCC /* UIKit.framework */ = {isa = PBXFileReference; lastKnownFileType = wrapper.framework; name = UIKit.framework; path = System/Library/Frameworks/UIKit.framework; sourceTree = SDKROOT; };
		DCDF69B11982831E0066FDCC /* Mine-Info.plist */ = {isa = PBXFileReference; lastKnownFileType = text.plist.xml; path = "Mine-Info.plist"; sourceTree = "<group>"; };
		DCDF69B31982831E0066FDCC /* en */ = {isa = PBXFileReference; lastKnownFileType = text.plist.strings; name = en; path = en.lproj/InfoPlist.strings; sourceTree = "<group>"; };
		DCDF69B51982831E0066FDCC /* main.m */ = {isa = PBXFileReference; lastKnownFileType = sourcecode.c.objc; path = main.m; sourceTree = "<group>"; };
		DCDF69B71982831E0066FDCC /* Mine-Prefix.pch */ = {isa = PBXFileReference; lastKnownFileType = sourcecode.c.h; path = "Mine-Prefix.pch"; sourceTree = "<group>"; };
		DCDF69B81982831E0066FDCC /* MineAppDelegate.h */ = {isa = PBXFileReference; lastKnownFileType = sourcecode.c.h; path = MineAppDelegate.h; sourceTree = "<group>"; };
		DCDF69B91982831E0066FDCC /* MineAppDelegate.m */ = {isa = PBXFileReference; lastKnownFileType = sourcecode.c.objc; path = MineAppDelegate.m; sourceTree = "<group>"; };
		DCDF69C11982831E0066FDCC /* Images.xcassets */ = {isa = PBXFileReference; lastKnownFileType = folder.assetcatalog; path = Images.xcassets; sourceTree = "<group>"; };
		DCDF69C71982831E0066FDCC /* MineTests.xctest */ = {isa = PBXFileReference; explicitFileType = wrapper.cfbundle; includeInIndex = 0; path = MineTests.xctest; sourceTree = BUILT_PRODUCTS_DIR; };
		DCDF69C81982831E0066FDCC /* XCTest.framework */ = {isa = PBXFileReference; lastKnownFileType = wrapper.framework; name = XCTest.framework; path = Library/Frameworks/XCTest.framework; sourceTree = DEVELOPER_DIR; };
		DCDF69D01982831E0066FDCC /* MineTests-Info.plist */ = {isa = PBXFileReference; lastKnownFileType = text.plist.xml; path = "MineTests-Info.plist"; sourceTree = "<group>"; };
		DCDF69D21982831E0066FDCC /* en */ = {isa = PBXFileReference; lastKnownFileType = text.plist.strings; name = en; path = en.lproj/InfoPlist.strings; sourceTree = "<group>"; };
		DCDF69D41982831E0066FDCC /* MineTests.m */ = {isa = PBXFileReference; lastKnownFileType = sourcecode.c.objc; path = MineTests.m; sourceTree = "<group>"; };
		DCDF69E11982873F0066FDCC /* MineLoginViewController.h */ = {isa = PBXFileReference; fileEncoding = 4; lastKnownFileType = sourcecode.c.h; path = MineLoginViewController.h; sourceTree = "<group>"; };
		DCDF69E21982873F0066FDCC /* MineLoginViewController.m */ = {isa = PBXFileReference; fileEncoding = 4; lastKnownFileType = sourcecode.c.objc; path = MineLoginViewController.m; sourceTree = "<group>"; };
		DCDF69E31982873F0066FDCC /* MineLoginViewController.xib */ = {isa = PBXFileReference; fileEncoding = 4; lastKnownFileType = file.xib; path = MineLoginViewController.xib; sourceTree = "<group>"; };
		DCE2403D19E4FE25009DB1E4 /* MinePersistDataUtil.h */ = {isa = PBXFileReference; fileEncoding = 4; lastKnownFileType = sourcecode.c.h; path = MinePersistDataUtil.h; sourceTree = "<group>"; };
		DCE2403E19E4FE25009DB1E4 /* MinePersistDataUtil.m */ = {isa = PBXFileReference; fileEncoding = 4; lastKnownFileType = sourcecode.c.objc; path = MinePersistDataUtil.m; sourceTree = "<group>"; };
/* End PBXFileReference section */

/* Begin PBXFrameworksBuildPhase section */
		DCDF69A31982831E0066FDCC /* Frameworks */ = {
			isa = PBXFrameworksBuildPhase;
			buildActionMask = 2147483647;
			files = (
				DC15A2301987D408007FA1AC /* MapKit.framework in Frameworks */,
				DCDF69AC1982831E0066FDCC /* CoreGraphics.framework in Frameworks */,
				DCDF69AE1982831E0066FDCC /* UIKit.framework in Frameworks */,
				DCDF69AA1982831E0066FDCC /* Foundation.framework in Frameworks */,
				75F170A61A0247F659980BBC /* libPods.a in Frameworks */,
			);
			runOnlyForDeploymentPostprocessing = 0;
		};
		DCDF69C41982831E0066FDCC /* Frameworks */ = {
			isa = PBXFrameworksBuildPhase;
			buildActionMask = 2147483647;
			files = (
				DCDF69C91982831E0066FDCC /* XCTest.framework in Frameworks */,
				DCDF69CB1982831E0066FDCC /* UIKit.framework in Frameworks */,
				DCDF69CA1982831E0066FDCC /* Foundation.framework in Frameworks */,
			);
			runOnlyForDeploymentPostprocessing = 0;
		};
/* End PBXFrameworksBuildPhase section */

/* Begin PBXGroup section */
		B6A3A6619859A57AA045466C /* Pods */ = {
			isa = PBXGroup;
			children = (
				D08BF8DE36E3F327940A9872 /* Pods.debug.xcconfig */,
				08F266DC3FFAFAECE12FA8FA /* Pods.release.xcconfig */,
			);
			name = Pods;
			sourceTree = "<group>";
		};
		DC15A1EB198436D1007FA1AC /* Service */ = {
			isa = PBXGroup;
			children = (
				DC99468819E6CA1000559AA8 /* MineServiceManager.h */,
				DC99468919E6CA1000559AA8 /* MineServiceManager.m */,
				DC15A1EC198436FA007FA1AC /* MineService.h */,
				DC15A1ED198436FA007FA1AC /* MineService.m */,
				DC15A1EF19844465007FA1AC /* MineLoginService.h */,
				DC15A1F019844465007FA1AC /* MineLoginService.m */,
				DC15A20219858732007FA1AC /* MinePreferenceService.h */,
				DC15A20319858732007FA1AC /* MinePreferenceService.m */,
				DC15A20A1985CC86007FA1AC /* MineSignUpService.h */,
				DC15A20B1985CC86007FA1AC /* MineSignUpService.m */,
				DC50981019E224A600EBD4DE /* MineAddTransactionService.h */,
				DC50981119E224A600EBD4DE /* MineAddTransactionService.m */,
				DC50980519E1B4FB00EBD4DE /* MineGetAllTransactionsService.h */,
				DC50980619E1B4FB00EBD4DE /* MineGetAllTransactionsService.m */,
				DC99468B19EB78B900559AA8 /* MineDeleteTransactionService.h */,
				DC99468C19EB78B900559AA8 /* MineDeleteTransactionService.m */,
			);
			name = Service;
			sourceTree = "<group>";
		};
		DC15A1F2198449FB007FA1AC /* Util */ = {
			isa = PBXGroup;
			children = (
				DC15A1F319844A9C007FA1AC /* MineConstant.h */,
				DC15A1F419844A9C007FA1AC /* MineConstant.m */,
				DC15A1FB19855697007FA1AC /* MineAlertViewUtil.h */,
				DC15A1FC19855697007FA1AC /* MineAlertViewUtil.m */,
				DC50980219E1AFFC00EBD4DE /* MineTimeUtil.h */,
				DC50980319E1AFFC00EBD4DE /* MineTimeUtil.m */,
				DC50980D19E21F0C00EBD4DE /* MineColorUtil.h */,
				DC50980E19E21F0C00EBD4DE /* MineColorUtil.m */,
				DC50981319E2280C00EBD4DE /* MineViewUtil.h */,
				DC50981419E2280C00EBD4DE /* MineViewUtil.m */,
				DCE2403D19E4FE25009DB1E4 /* MinePersistDataUtil.h */,
				DCE2403E19E4FE25009DB1E4 /* MinePersistDataUtil.m */,
			);
			name = Util;
			sourceTree = "<group>";
		};
		DC15A1FE198584EA007FA1AC /* Model */ = {
			isa = PBXGroup;
			children = (
				DC15A1FF198584FE007FA1AC /* MineUserInfo.h */,
				DC15A200198584FE007FA1AC /* MineUserInfo.m */,
				DC15A21B1985F7FC007FA1AC /* MineTransactionInfo.h */,
				DC15A21C1985F7FC007FA1AC /* MineTransactionInfo.m */,
				DC15A21E1985F8BC007FA1AC /* MineTransactionItem.h */,
				DC15A21F1985F8BC007FA1AC /* MineTransactionItem.m */,
			);
			name = Model;
			sourceTree = "<group>";
		};
		DC15A20D1985D97C007FA1AC /* Addition */ = {
			isa = PBXGroup;
			children = (
				DC15A20E1985D990007FA1AC /* UIView+FindFirstResponder.h */,
				DC15A20F1985D990007FA1AC /* UIView+FindFirstResponder.m */,
				DC15A227198755AF007FA1AC /* UITableView+Mine.h */,
				DC15A228198755AF007FA1AC /* UITableView+Mine.m */,
				DC15A2311988BB33007FA1AC /* MKMapView+Mine.h */,
				DC15A2321988BB33007FA1AC /* MKMapView+Mine.m */,
				DC50980A19E1E16500EBD4DE /* UIPopoverController+iPhone.h */,
				DC50980B19E1E16500EBD4DE /* UIPopoverController+iPhone.m */,
			);
			name = Addition;
			sourceTree = "<group>";
		};
		DC15A2211986017D007FA1AC /* View */ = {
			isa = PBXGroup;
			children = (
				DC15A222198601A5007FA1AC /* MineTransactionItemCellTableViewCell.h */,
				DC15A223198601A5007FA1AC /* MineTransactionItemCellTableViewCell.m */,
				DC15A224198601A5007FA1AC /* MineTransactionItemCellTableViewCell.xib */,
				DCCFB89419E0282A004FB14A /* MineTransactionHistoryTableViewCell.h */,
				DCCFB89519E0282A004FB14A /* MineTransactionHistoryTableViewCell.m */,
				DCCFB89619E0282A004FB14A /* MineTransactionHistoryTableViewCell.xib */,
			);
			name = View;
			sourceTree = "<group>";
		};
		DC15A235198B38EF007FA1AC /* Protocal */ = {
			isa = PBXGroup;
			children = (
				DC15A234198B38BC007FA1AC /* MineCenterViewProtocal.h */,
				DC15A236198B3907007FA1AC /* MineSideViewProtocal.h */,
			);
			name = Protocal;
			sourceTree = "<group>";
		};
		DCDF699D1982831E0066FDCC = {
			isa = PBXGroup;
			children = (
				DCDF69AF1982831E0066FDCC /* Mine */,
				DCDF69CE1982831E0066FDCC /* MineTests */,
				DCDF69A81982831E0066FDCC /* Frameworks */,
				DCDF69A71982831E0066FDCC /* Products */,
				B6A3A6619859A57AA045466C /* Pods */,
			);
			sourceTree = "<group>";
		};
		DCDF69A71982831E0066FDCC /* Products */ = {
			isa = PBXGroup;
			children = (
				DCDF69A61982831E0066FDCC /* Mine.app */,
				DCDF69C71982831E0066FDCC /* MineTests.xctest */,
			);
			name = Products;
			sourceTree = "<group>";
		};
		DCDF69A81982831E0066FDCC /* Frameworks */ = {
			isa = PBXGroup;
			children = (
				DC15A22F1987D408007FA1AC /* MapKit.framework */,
				DCDF69A91982831E0066FDCC /* Foundation.framework */,
				DCDF69AB1982831E0066FDCC /* CoreGraphics.framework */,
				DCDF69AD1982831E0066FDCC /* UIKit.framework */,
				DCDF69C81982831E0066FDCC /* XCTest.framework */,
				9218DDA4C57C8E918F70C9CD /* libPods.a */,
			);
			name = Frameworks;
			sourceTree = "<group>";
		};
		DCDF69AF1982831E0066FDCC /* Mine */ = {
			isa = PBXGroup;
			children = (
				DCDF69E0198286DE0066FDCC /* Resources */,
				DCDF69DE198286C00066FDCC /* Class */,
				DCDF69B81982831E0066FDCC /* MineAppDelegate.h */,
				DCDF69B91982831E0066FDCC /* MineAppDelegate.m */,
				DCDF69C11982831E0066FDCC /* Images.xcassets */,
				DCDF69B01982831E0066FDCC /* Supporting Files */,
			);
			path = Mine;
			sourceTree = "<group>";
		};
		DCDF69B01982831E0066FDCC /* Supporting Files */ = {
			isa = PBXGroup;
			children = (
				DCDF69B11982831E0066FDCC /* Mine-Info.plist */,
				DCDF69B21982831E0066FDCC /* InfoPlist.strings */,
				DCDF69B51982831E0066FDCC /* main.m */,
				DCDF69B71982831E0066FDCC /* Mine-Prefix.pch */,
			);
			name = "Supporting Files";
			sourceTree = "<group>";
		};
		DCDF69CE1982831E0066FDCC /* MineTests */ = {
			isa = PBXGroup;
			children = (
				DCDF69D41982831E0066FDCC /* MineTests.m */,
				DCDF69CF1982831E0066FDCC /* Supporting Files */,
			);
			path = MineTests;
			sourceTree = "<group>";
		};
		DCDF69CF1982831E0066FDCC /* Supporting Files */ = {
			isa = PBXGroup;
			children = (
				DCDF69D01982831E0066FDCC /* MineTests-Info.plist */,
				DCDF69D11982831E0066FDCC /* InfoPlist.strings */,
			);
			name = "Supporting Files";
			sourceTree = "<group>";
		};
		DCDF69DE198286C00066FDCC /* Class */ = {
			isa = PBXGroup;
			children = (
				DC15A235198B38EF007FA1AC /* Protocal */,
				DC15A2211986017D007FA1AC /* View */,
				DC15A20D1985D97C007FA1AC /* Addition */,
				DC15A1FE198584EA007FA1AC /* Model */,
				DC15A1F2198449FB007FA1AC /* Util */,
				DC15A1EB198436D1007FA1AC /* Service */,
				DCDF69DF198286C70066FDCC /* Controller */,
			);
			name = Class;
			sourceTree = "<group>";
		};
		DCDF69DF198286C70066FDCC /* Controller */ = {
			isa = PBXGroup;
			children = (
				DCDF69E11982873F0066FDCC /* MineLoginViewController.h */,
				DCDF69E21982873F0066FDCC /* MineLoginViewController.m */,
				DCDF69E31982873F0066FDCC /* MineLoginViewController.xib */,
				DC15A1F619844DF2007FA1AC /* MineMainViewController.h */,
				DC15A1F719844DF2007FA1AC /* MineMainViewController.m */,
				DC15A1F819844DF2007FA1AC /* MineMainViewController.xib */,
				DCCFB87E19DECE66004FB14A /* MineNewTransactionViewController.h */,
				DCCFB87F19DECE66004FB14A /* MineNewTransactionViewController.m */,
				DCCFB88019DECE66004FB14A /* MineNewTransactionViewController.xib */,
				DCCFB88A19E0251A004FB14A /* MineTransactionHistoryViewController.h */,
				DCCFB88B19E0251A004FB14A /* MineTransactionHistoryViewController.m */,
				DCCFB88C19E0251A004FB14A /* MineTransactionHistoryViewController.xib */,
				DC15A2051985C2D5007FA1AC /* MineSignUpViewController.h */,
				DC15A2061985C2D5007FA1AC /* MineSignUpViewController.m */,
				DC15A2071985C2D5007FA1AC /* MineSignUpViewController.xib */,
				DC15A2161985EFAC007FA1AC /* MineCreateTransactionItemsViewController.h */,
				DC15A2171985EFAC007FA1AC /* MineCreateTransactionItemsViewController.m */,
				DC15A2181985EFAC007FA1AC /* MineCreateTransactionItemsViewController.xib */,
				DC15A22A1987D236007FA1AC /* MineCreateTransactionLocationViewController.h */,
				DC15A22B1987D236007FA1AC /* MineCreateTransactionLocationViewController.m */,
				DC15A22C1987D236007FA1AC /* MineCreateTransactionLocationViewController.xib */,
			);
			name = Controller;
			sourceTree = "<group>";
		};
		DCDF69E0198286DE0066FDCC /* Resources */ = {
			isa = PBXGroup;
			children = (
				DCCFB89919E02A9C004FB14A /* Add_100x100.png */,
				DCCFB89A19E02A9C004FB14A /* Remove_100x100.png */,
				DCCFB88319DECEFB004FB14A /* Accept_48x48.png */,
				DCCFB88419DECEFB004FB14A /* Cancel_48x48.png */,
				DCCFB87A19DE632D004FB14A /* Options_76x76.png */,
				DCCFB87C19DE6365004FB14A /* Options_100x100.png */,
				DCCFB87819DE62B9004FB14A /* Options_48x48.png */,
				DCCFB87019DE5974004FB14A /* MoneyBag_48x48.png */,
				DCCFB87119DE5974004FB14A /* Dolls_48x48.png */,
				DCCFB87219DE5974004FB14A /* Clock_48x48.png */,
				DCCFB87319DE5974004FB14A /* Camera_48x48.png */,
				DCCFB86819DE588D004FB14A /* MoneyBag_76x76.png */,
				DCCFB86919DE588D004FB14A /* Dolls_76x76.png */,
				DCCFB86A19DE588D004FB14A /* Clock_76x76.png */,
				DCCFB86B19DE588D004FB14A /* Camera_76x76.png */,
				DCAC0FA019DE52AE000B65FA /* MoneyBag_100x100.png */,
				DCAC0FA119DE52AE000B65FA /* Dolls_100x100.png */,
				DCAC0FA219DE52AE000B65FA /* Clock_100x100.png */,
				DCAC0FA319DE52AE000B65FA /* Camera_100x100.png */,
				DC50980819E1D88800EBD4DE /* wallet_512x512.jpeg */,
			);
			name = Resources;
			sourceTree = "<group>";
		};
/* End PBXGroup section */

/* Begin PBXNativeTarget section */
		DCDF69A51982831E0066FDCC /* Mine */ = {
			isa = PBXNativeTarget;
			buildConfigurationList = DCDF69D81982831E0066FDCC /* Build configuration list for PBXNativeTarget "Mine" */;
			buildPhases = (
				8DAB0ED4023CCD15260C4A8D /* Check Pods Manifest.lock */,
				DCDF69A21982831E0066FDCC /* Sources */,
				DCDF69A31982831E0066FDCC /* Frameworks */,
				DCDF69A41982831E0066FDCC /* Resources */,
				B1C67327FD84E838AD86D2C5 /* Copy Pods Resources */,
			);
			buildRules = (
			);
			dependencies = (
			);
			name = Mine;
			productName = Mine;
			productReference = DCDF69A61982831E0066FDCC /* Mine.app */;
			productType = "com.apple.product-type.application";
		};
		DCDF69C61982831E0066FDCC /* MineTests */ = {
			isa = PBXNativeTarget;
			buildConfigurationList = DCDF69DB1982831E0066FDCC /* Build configuration list for PBXNativeTarget "MineTests" */;
			buildPhases = (
				DCDF69C31982831E0066FDCC /* Sources */,
				DCDF69C41982831E0066FDCC /* Frameworks */,
				DCDF69C51982831E0066FDCC /* Resources */,
			);
			buildRules = (
			);
			dependencies = (
				DCDF69CD1982831E0066FDCC /* PBXTargetDependency */,
			);
			name = MineTests;
			productName = MineTests;
			productReference = DCDF69C71982831E0066FDCC /* MineTests.xctest */;
			productType = "com.apple.product-type.bundle.unit-test";
		};
/* End PBXNativeTarget section */

/* Begin PBXProject section */
		DCDF699E1982831E0066FDCC /* Project object */ = {
			isa = PBXProject;
			attributes = {
				CLASSPREFIX = Mine;
				LastUpgradeCheck = 0510;
				ORGANIZATIONNAME = com.zhi.li;
				TargetAttributes = {
					DCDF69A51982831E0066FDCC = {
						DevelopmentTeam = EX27H8HMHQ;
					};
					DCDF69C61982831E0066FDCC = {
						TestTargetID = DCDF69A51982831E0066FDCC;
					};
				};
			};
			buildConfigurationList = DCDF69A11982831E0066FDCC /* Build configuration list for PBXProject "Mine" */;
			compatibilityVersion = "Xcode 3.2";
			developmentRegion = English;
			hasScannedForEncodings = 0;
			knownRegions = (
				en,
				Base,
			);
			mainGroup = DCDF699D1982831E0066FDCC;
			productRefGroup = DCDF69A71982831E0066FDCC /* Products */;
			projectDirPath = "";
			projectRoot = "";
			targets = (
				DCDF69A51982831E0066FDCC /* Mine */,
				DCDF69C61982831E0066FDCC /* MineTests */,
			);
		};
/* End PBXProject section */

/* Begin PBXResourcesBuildPhase section */
		DCDF69A41982831E0066FDCC /* Resources */ = {
			isa = PBXResourcesBuildPhase;
			buildActionMask = 2147483647;
			files = (
				DCCFB87719DE5974004FB14A /* Camera_48x48.png in Resources */,
				DCAC0FA419DE52AE000B65FA /* MoneyBag_100x100.png in Resources */,
				DCCFB86F19DE588D004FB14A /* Camera_76x76.png in Resources */,
				DC15A1FA19844DF2007FA1AC /* MineMainViewController.xib in Resources */,
				DCAC0FA719DE52AE000B65FA /* Camera_100x100.png in Resources */,
				DCCFB88519DECEFB004FB14A /* Accept_48x48.png in Resources */,
				DCCFB88E19E0251A004FB14A /* MineTransactionHistoryViewController.xib in Resources */,
				DCCFB88219DECE66004FB14A /* MineNewTransactionViewController.xib in Resources */,
				DC15A226198601A5007FA1AC /* MineTransactionItemCellTableViewCell.xib in Resources */,
				DCAC0FA519DE52AE000B65FA /* Dolls_100x100.png in Resources */,
				DCCFB87919DE62B9004FB14A /* Options_48x48.png in Resources */,
				DCDF69C21982831E0066FDCC /* Images.xcassets in Resources */,
				DCCFB89819E0282A004FB14A /* MineTransactionHistoryTableViewCell.xib in Resources */,
				DCCFB87B19DE632D004FB14A /* Options_76x76.png in Resources */,
				DCCFB87D19DE6365004FB14A /* Options_100x100.png in Resources */,
				DC15A22E1987D236007FA1AC /* MineCreateTransactionLocationViewController.xib in Resources */,
				DCCFB86C19DE588D004FB14A /* MoneyBag_76x76.png in Resources */,
				DCCFB87419DE5974004FB14A /* MoneyBag_48x48.png in Resources */,
				DCAC0FA619DE52AE000B65FA /* Clock_100x100.png in Resources */,
				DCDF69E51982873F0066FDCC /* MineLoginViewController.xib in Resources */,
				DCCFB89C19E02A9C004FB14A /* Remove_100x100.png in Resources */,
				DCCFB89B19E02A9C004FB14A /* Add_100x100.png in Resources */,
				DCDF69B41982831E0066FDCC /* InfoPlist.strings in Resources */,
				DC15A2091985C2D5007FA1AC /* MineSignUpViewController.xib in Resources */,
				DCCFB86E19DE588D004FB14A /* Clock_76x76.png in Resources */,
				DCCFB87619DE5974004FB14A /* Clock_48x48.png in Resources */,
				DCCFB87519DE5974004FB14A /* Dolls_48x48.png in Resources */,
				DC50980919E1D88800EBD4DE /* wallet_512x512.jpeg in Resources */,
				DCCFB86D19DE588D004FB14A /* Dolls_76x76.png in Resources */,
				DCCFB88619DECEFB004FB14A /* Cancel_48x48.png in Resources */,
				DC15A21A1985EFAC007FA1AC /* MineCreateTransactionItemsViewController.xib in Resources */,
			);
			runOnlyForDeploymentPostprocessing = 0;
		};
		DCDF69C51982831E0066FDCC /* Resources */ = {
			isa = PBXResourcesBuildPhase;
			buildActionMask = 2147483647;
			files = (
				DCDF69D31982831E0066FDCC /* InfoPlist.strings in Resources */,
			);
			runOnlyForDeploymentPostprocessing = 0;
		};
/* End PBXResourcesBuildPhase section */

/* Begin PBXShellScriptBuildPhase section */
		8DAB0ED4023CCD15260C4A8D /* Check Pods Manifest.lock */ = {
			isa = PBXShellScriptBuildPhase;
			buildActionMask = 2147483647;
			files = (
			);
			inputPaths = (
			);
			name = "Check Pods Manifest.lock";
			outputPaths = (
			);
			runOnlyForDeploymentPostprocessing = 0;
			shellPath = /bin/sh;
			shellScript = "diff \"${PODS_ROOT}/../Podfile.lock\" \"${PODS_ROOT}/Manifest.lock\" > /dev/null\nif [[ $? != 0 ]] ; then\n    cat << EOM\nerror: The sandbox is not in sync with the Podfile.lock. Run 'pod install' or update your CocoaPods installation.\nEOM\n    exit 1\nfi\n";
			showEnvVarsInLog = 0;
		};
		B1C67327FD84E838AD86D2C5 /* Copy Pods Resources */ = {
			isa = PBXShellScriptBuildPhase;
			buildActionMask = 2147483647;
			files = (
			);
			inputPaths = (
			);
			name = "Copy Pods Resources";
			outputPaths = (
			);
			runOnlyForDeploymentPostprocessing = 0;
			shellPath = /bin/sh;
			shellScript = "\"${SRCROOT}/Pods/Target Support Files/Pods/Pods-resources.sh\"\n";
			showEnvVarsInLog = 0;
		};
/* End PBXShellScriptBuildPhase section */

/* Begin PBXSourcesBuildPhase section */
		DCDF69A21982831E0066FDCC /* Sources */ = {
			isa = PBXSourcesBuildPhase;
			buildActionMask = 2147483647;
			files = (
				DC15A1FD19855697007FA1AC /* MineAlertViewUtil.m in Sources */,
				DCCFB88D19E0251A004FB14A /* MineTransactionHistoryViewController.m in Sources */,
				DC50980C19E1E16500EBD4DE /* UIPopoverController+iPhone.m in Sources */,
				DC15A2081985C2D5007FA1AC /* MineSignUpViewController.m in Sources */,
				DC50980F19E21F0C00EBD4DE /* MineColorUtil.m in Sources */,
				DC15A229198755AF007FA1AC /* UITableView+Mine.m in Sources */,
				DC50980719E1B4FB00EBD4DE /* MineGetAllTransactionsService.m in Sources */,
				DCE2403F19E4FE25009DB1E4 /* MinePersistDataUtil.m in Sources */,
				DC15A20C1985CC86007FA1AC /* MineSignUpService.m in Sources */,
				DC15A2331988BB33007FA1AC /* MKMapView+Mine.m in Sources */,
				DCCFB88119DECE66004FB14A /* MineNewTransactionViewController.m in Sources */,
				DC15A1F519844A9C007FA1AC /* MineConstant.m in Sources */,
				DC15A201198584FE007FA1AC /* MineUserInfo.m in Sources */,
				DC15A20419858732007FA1AC /* MinePreferenceService.m in Sources */,
				DCDF69E41982873F0066FDCC /* MineLoginViewController.m in Sources */,
				DC15A1F919844DF2007FA1AC /* MineMainViewController.m in Sources */,
				DC50981219E224A600EBD4DE /* MineAddTransactionService.m in Sources */,
				DCCFB89719E0282A004FB14A /* MineTransactionHistoryTableViewCell.m in Sources */,
				DC15A21D1985F7FC007FA1AC /* MineTransactionInfo.m in Sources */,
				DC50981519E2280C00EBD4DE /* MineViewUtil.m in Sources */,
				DC15A22D1987D236007FA1AC /* MineCreateTransactionLocationViewController.m in Sources */,
				DC15A2101985D990007FA1AC /* UIView+FindFirstResponder.m in Sources */,
				DC15A225198601A5007FA1AC /* MineTransactionItemCellTableViewCell.m in Sources */,
				DC99468D19EB78B900559AA8 /* MineDeleteTransactionService.m in Sources */,
				DC15A1F119844465007FA1AC /* MineLoginService.m in Sources */,
				DC15A1EE198436FA007FA1AC /* MineService.m in Sources */,
				DCDF69B61982831E0066FDCC /* main.m in Sources */,
				DC15A2201985F8BC007FA1AC /* MineTransactionItem.m in Sources */,
				DCDF69BA1982831E0066FDCC /* MineAppDelegate.m in Sources */,
				DC99468A19E6CA1000559AA8 /* MineServiceManager.m in Sources */,
				DC50980419E1AFFC00EBD4DE /* MineTimeUtil.m in Sources */,
			);
			runOnlyForDeploymentPostprocessing = 0;
		};
		DCDF69C31982831E0066FDCC /* Sources */ = {
			isa = PBXSourcesBuildPhase;
			buildActionMask = 2147483647;
			files = (
				DCDF69D51982831E0066FDCC /* MineTests.m in Sources */,
			);
			runOnlyForDeploymentPostprocessing = 0;
		};
/* End PBXSourcesBuildPhase section */

/* Begin PBXTargetDependency section */
		DCDF69CD1982831E0066FDCC /* PBXTargetDependency */ = {
			isa = PBXTargetDependency;
			target = DCDF69A51982831E0066FDCC /* Mine */;
			targetProxy = DCDF69CC1982831E0066FDCC /* PBXContainerItemProxy */;
		};
/* End PBXTargetDependency section */

/* Begin PBXVariantGroup section */
		DCDF69B21982831E0066FDCC /* InfoPlist.strings */ = {
			isa = PBXVariantGroup;
			children = (
				DCDF69B31982831E0066FDCC /* en */,
			);
			name = InfoPlist.strings;
			sourceTree = "<group>";
		};
		DCDF69D11982831E0066FDCC /* InfoPlist.strings */ = {
			isa = PBXVariantGroup;
			children = (
				DCDF69D21982831E0066FDCC /* en */,
			);
			name = InfoPlist.strings;
			sourceTree = "<group>";
		};
/* End PBXVariantGroup section */

/* Begin XCBuildConfiguration section */
		DCDF69D61982831E0066FDCC /* Debug */ = {
			isa = XCBuildConfiguration;
			buildSettings = {
				ALWAYS_SEARCH_USER_PATHS = NO;
				CLANG_CXX_LANGUAGE_STANDARD = "gnu++0x";
				CLANG_CXX_LIBRARY = "libc++";
				CLANG_ENABLE_MODULES = YES;
				CLANG_ENABLE_OBJC_ARC = YES;
				CLANG_WARN_BOOL_CONVERSION = YES;
				CLANG_WARN_CONSTANT_CONVERSION = YES;
				CLANG_WARN_DIRECT_OBJC_ISA_USAGE = YES_ERROR;
				CLANG_WARN_EMPTY_BODY = YES;
				CLANG_WARN_ENUM_CONVERSION = YES;
				CLANG_WARN_INT_CONVERSION = YES;
				CLANG_WARN_OBJC_ROOT_CLASS = YES_ERROR;
				CLANG_WARN__DUPLICATE_METHOD_MATCH = YES;
				"CODE_SIGN_IDENTITY[sdk=iphoneos*]" = "iPhone Developer";
				COPY_PHASE_STRIP = NO;
				GCC_C_LANGUAGE_STANDARD = gnu99;
				GCC_DYNAMIC_NO_PIC = NO;
				GCC_OPTIMIZATION_LEVEL = 0;
				GCC_PREPROCESSOR_DEFINITIONS = (
					"DEBUG=1",
					"$(inherited)",
				);
				GCC_SYMBOLS_PRIVATE_EXTERN = NO;
				GCC_WARN_64_TO_32_BIT_CONVERSION = YES;
				GCC_WARN_ABOUT_RETURN_TYPE = YES_ERROR;
				GCC_WARN_UNDECLARED_SELECTOR = YES;
				GCC_WARN_UNINITIALIZED_AUTOS = YES_AGGRESSIVE;
				GCC_WARN_UNUSED_FUNCTION = YES;
				GCC_WARN_UNUSED_VARIABLE = YES;
				IPHONEOS_DEPLOYMENT_TARGET = 7.1;
				ONLY_ACTIVE_ARCH = YES;
				SDKROOT = iphoneos;
			};
			name = Debug;
		};
		DCDF69D71982831E0066FDCC /* Release */ = {
			isa = XCBuildConfiguration;
			buildSettings = {
				ALWAYS_SEARCH_USER_PATHS = NO;
				CLANG_CXX_LANGUAGE_STANDARD = "gnu++0x";
				CLANG_CXX_LIBRARY = "libc++";
				CLANG_ENABLE_MODULES = YES;
				CLANG_ENABLE_OBJC_ARC = YES;
				CLANG_WARN_BOOL_CONVERSION = YES;
				CLANG_WARN_CONSTANT_CONVERSION = YES;
				CLANG_WARN_DIRECT_OBJC_ISA_USAGE = YES_ERROR;
				CLANG_WARN_EMPTY_BODY = YES;
				CLANG_WARN_ENUM_CONVERSION = YES;
				CLANG_WARN_INT_CONVERSION = YES;
				CLANG_WARN_OBJC_ROOT_CLASS = YES_ERROR;
				CLANG_WARN__DUPLICATE_METHOD_MATCH = YES;
				"CODE_SIGN_IDENTITY[sdk=iphoneos*]" = "iPhone Developer";
				COPY_PHASE_STRIP = YES;
				ENABLE_NS_ASSERTIONS = NO;
				GCC_C_LANGUAGE_STANDARD = gnu99;
				GCC_WARN_64_TO_32_BIT_CONVERSION = YES;
				GCC_WARN_ABOUT_RETURN_TYPE = YES_ERROR;
				GCC_WARN_UNDECLARED_SELECTOR = YES;
				GCC_WARN_UNINITIALIZED_AUTOS = YES_AGGRESSIVE;
				GCC_WARN_UNUSED_FUNCTION = YES;
				GCC_WARN_UNUSED_VARIABLE = YES;
				IPHONEOS_DEPLOYMENT_TARGET = 7.1;
				SDKROOT = iphoneos;
				VALIDATE_PRODUCT = YES;
			};
			name = Release;
		};
		DCDF69D91982831E0066FDCC /* Debug */ = {
			isa = XCBuildConfiguration;
			baseConfigurationReference = D08BF8DE36E3F327940A9872 /* Pods.debug.xcconfig */;
			buildSettings = {
				ASSETCATALOG_COMPILER_APPICON_NAME = AppIcon;
				ASSETCATALOG_COMPILER_LAUNCHIMAGE_NAME = LaunchImage;
				GCC_PRECOMPILE_PREFIX_HEADER = YES;
				GCC_PREFIX_HEADER = "Mine/Mine-Prefix.pch";
				INFOPLIST_FILE = "Mine/Mine-Info.plist";
				PRODUCT_NAME = "$(TARGET_NAME)";
				WRAPPER_EXTENSION = app;
			};
			name = Debug;
		};
		DCDF69DA1982831E0066FDCC /* Release */ = {
			isa = XCBuildConfiguration;
			baseConfigurationReference = 08F266DC3FFAFAECE12FA8FA /* Pods.release.xcconfig */;
			buildSettings = {
				ASSETCATALOG_COMPILER_APPICON_NAME = AppIcon;
				ASSETCATALOG_COMPILER_LAUNCHIMAGE_NAME = LaunchImage;
				GCC_PRECOMPILE_PREFIX_HEADER = YES;
				GCC_PREFIX_HEADER = "Mine/Mine-Prefix.pch";
				INFOPLIST_FILE = "Mine/Mine-Info.plist";
				PRODUCT_NAME = "$(TARGET_NAME)";
				WRAPPER_EXTENSION = app;
			};
			name = Release;
		};
		DCDF69DC1982831E0066FDCC /* Debug */ = {
			isa = XCBuildConfiguration;
			buildSettings = {
				BUNDLE_LOADER = "$(BUILT_PRODUCTS_DIR)/Mine.app/Mine";
				FRAMEWORK_SEARCH_PATHS = (
					"$(SDKROOT)/Developer/Library/Frameworks",
					"$(inherited)",
					"$(DEVELOPER_FRAMEWORKS_DIR)",
				);
				GCC_PRECOMPILE_PREFIX_HEADER = YES;
				GCC_PREFIX_HEADER = "Mine/Mine-Prefix.pch";
				GCC_PREPROCESSOR_DEFINITIONS = (
					"DEBUG=1",
					"$(inherited)",
				);
				INFOPLIST_FILE = "MineTests/MineTests-Info.plist";
				PRODUCT_NAME = "$(TARGET_NAME)";
				TEST_HOST = "$(BUNDLE_LOADER)";
				WRAPPER_EXTENSION = xctest;
			};
			name = Debug;
		};
		DCDF69DD1982831E0066FDCC /* Release */ = {
			isa = XCBuildConfiguration;
			buildSettings = {
				BUNDLE_LOADER = "$(BUILT_PRODUCTS_DIR)/Mine.app/Mine";
				FRAMEWORK_SEARCH_PATHS = (
					"$(SDKROOT)/Developer/Library/Frameworks",
					"$(inherited)",
					"$(DEVELOPER_FRAMEWORKS_DIR)",
				);
				GCC_PRECOMPILE_PREFIX_HEADER = YES;
				GCC_PREFIX_HEADER = "Mine/Mine-Prefix.pch";
				INFOPLIST_FILE = "MineTests/MineTests-Info.plist";
				PRODUCT_NAME = "$(TARGET_NAME)";
				TEST_HOST = "$(BUNDLE_LOADER)";
				WRAPPER_EXTENSION = xctest;
			};
			name = Release;
		};
/* End XCBuildConfiguration section */

/* Begin XCConfigurationList section */
		DCDF69A11982831E0066FDCC /* Build configuration list for PBXProject "Mine" */ = {
			isa = XCConfigurationList;
			buildConfigurations = (
				DCDF69D61982831E0066FDCC /* Debug */,
				DCDF69D71982831E0066FDCC /* Release */,
			);
			defaultConfigurationIsVisible = 0;
			defaultConfigurationName = Release;
		};
		DCDF69D81982831E0066FDCC /* Build configuration list for PBXNativeTarget "Mine" */ = {
			isa = XCConfigurationList;
			buildConfigurations = (
				DCDF69D91982831E0066FDCC /* Debug */,
				DCDF69DA1982831E0066FDCC /* Release */,
			);
			defaultConfigurationIsVisible = 0;
			defaultConfigurationName = Release;
		};
		DCDF69DB1982831E0066FDCC /* Build configuration list for PBXNativeTarget "MineTests" */ = {
			isa = XCConfigurationList;
			buildConfigurations = (
				DCDF69DC1982831E0066FDCC /* Debug */,
				DCDF69DD1982831E0066FDCC /* Release */,
			);
			defaultConfigurationIsVisible = 0;
			defaultConfigurationName = Release;
		};
/* End XCConfigurationList section */
	};
	rootObject = DCDF699E1982831E0066FDCC /* Project object */;
}
